// !$*UTF8*$!
{
	archiveVersion = 1;
	classes = {
	};
	objectVersion = 50;
	objects = {

/* Begin PBXBuildFile section */
		8866A14326447B29000A7443 /* AppDelegate.swift in Sources */ = {isa = PBXBuildFile; fileRef = 8866A14226447B29000A7443 /* AppDelegate.swift */; };
		8866A14526447B29000A7443 /* SceneDelegate.swift in Sources */ = {isa = PBXBuildFile; fileRef = 8866A14426447B29000A7443 /* SceneDelegate.swift */; };
		8866A14726447B29000A7443 /* LoginVC.swift in Sources */ = {isa = PBXBuildFile; fileRef = 8866A14626447B29000A7443 /* LoginVC.swift */; };
		8866A14C26447B2D000A7443 /* Assets.xcassets in Resources */ = {isa = PBXBuildFile; fileRef = 8866A14B26447B2D000A7443 /* Assets.xcassets */; };
		8866A14F26447B2D000A7443 /* LaunchScreen.storyboard in Resources */ = {isa = PBXBuildFile; fileRef = 8866A14D26447B2D000A7443 /* LaunchScreen.storyboard */; };
		8866A15E264485F6000A7443 /* CustomButton.swift in Sources */ = {isa = PBXBuildFile; fileRef = 8866A15D264485F6000A7443 /* CustomButton.swift */; };
		88FAC05D2644BDD100B38976 /* RegisterVC.swift in Sources */ = {isa = PBXBuildFile; fileRef = 88FAC05C2644BDD100B38976 /* RegisterVC.swift */; };
		88FAC0612644EFC300B38976 /* CustomTxtField.swift in Sources */ = {isa = PBXBuildFile; fileRef = 88FAC0602644EFC300B38976 /* CustomTxtField.swift */; };
/* End PBXBuildFile section */

/* Begin PBXFileReference section */
		8866A13F26447B29000A7443 /* TabView2.app */ = {isa = PBXFileReference; explicitFileType = wrapper.application; includeInIndex = 0; path = TabView2.app; sourceTree = BUILT_PRODUCTS_DIR; };
		8866A14226447B29000A7443 /* AppDelegate.swift */ = {isa = PBXFileReference; lastKnownFileType = sourcecode.swift; path = AppDelegate.swift; sourceTree = "<group>"; };
		8866A14426447B29000A7443 /* SceneDelegate.swift */ = {isa = PBXFileReference; lastKnownFileType = sourcecode.swift; path = SceneDelegate.swift; sourceTree = "<group>"; };
		8866A14626447B29000A7443 /* LoginVC.swift */ = {isa = PBXFileReference; lastKnownFileType = sourcecode.swift; path = LoginVC.swift; sourceTree = "<group>"; };
		8866A14B26447B2D000A7443 /* Assets.xcassets */ = {isa = PBXFileReference; lastKnownFileType = folder.assetcatalog; path = Assets.xcassets; sourceTree = "<group>"; };
		8866A14E26447B2D000A7443 /* Base */ = {isa = PBXFileReference; lastKnownFileType = file.storyboard; name = Base; path = Base.lproj/LaunchScreen.storyboard; sourceTree = "<group>"; };
		8866A15026447B2D000A7443 /* Info.plist */ = {isa = PBXFileReference; lastKnownFileType = text.plist.xml; path = Info.plist; sourceTree = "<group>"; };
		8866A15D264485F6000A7443 /* CustomButton.swift */ = {isa = PBXFileReference; lastKnownFileType = sourcecode.swift; path = CustomButton.swift; sourceTree = "<group>"; };
		88FAC05C2644BDD100B38976 /* RegisterVC.swift */ = {isa = PBXFileReference; lastKnownFileType = sourcecode.swift; path = RegisterVC.swift; sourceTree = "<group>"; };
		88FAC0602644EFC300B38976 /* CustomTxtField.swift */ = {isa = PBXFileReference; lastKnownFileType = sourcecode.swift; path = CustomTxtField.swift; sourceTree = "<group>"; };
/* End PBXFileReference section */

/* Begin PBXFrameworksBuildPhase section */
		8866A13C26447B29000A7443 /* Frameworks */ = {
			isa = PBXFrameworksBuildPhase;
			buildActionMask = 2147483647;
			files = (
			);
			runOnlyForDeploymentPostprocessing = 0;
		};
/* End PBXFrameworksBuildPhase section */

/* Begin PBXGroup section */
		8866A13626447B29000A7443 = {
			isa = PBXGroup;
			children = (
				8866A14126447B29000A7443 /* TabView2 */,
				8866A14026447B29000A7443 /* Products */,
			);
			sourceTree = "<group>";
		};
		8866A14026447B29000A7443 /* Products */ = {
			isa = PBXGroup;
			children = (
				8866A13F26447B29000A7443 /* TabView2.app */,
			);
			name = Products;
			sourceTree = "<group>";
		};
		8866A14126447B29000A7443 /* TabView2 */ = {
			isa = PBXGroup;
			children = (
				889F2BA626488B8500DC5891 /* Authentication */,
				889F2BA426488B5400DC5891 /* Core */,
				8866A14226447B29000A7443 /* AppDelegate.swift */,
				8866A14426447B29000A7443 /* SceneDelegate.swift */,
				8866A14B26447B2D000A7443 /* Assets.xcassets */,
				8866A14D26447B2D000A7443 /* LaunchScreen.storyboard */,
				8866A15026447B2D000A7443 /* Info.plist */,
			);
			path = TabView2;
			sourceTree = "<group>";
		};
		889F2BA426488B5400DC5891 /* Core */ = {
			isa = PBXGroup;
			children = (
				889F2BAE26488C5400DC5891 /* Views */,
				889F2BA526488B6900DC5891 /* BaseControllers */,
			);
			path = Core;
			sourceTree = "<group>";
		};
		889F2BA526488B6900DC5891 /* BaseControllers */ = {
			isa = PBXGroup;
			children = (
			);
			path = BaseControllers;
			sourceTree = "<group>";
		};
		889F2BA626488B8500DC5891 /* Authentication */ = {
			isa = PBXGroup;
			children = (
				889F2BA826488BA600DC5891 /* Sign Up */,
				889F2BA726488B9C00DC5891 /* Login */,
			);
			path = Authentication;
			sourceTree = "<group>";
		};
		889F2BA726488B9C00DC5891 /* Login */ = {
			isa = PBXGroup;
			children = (
				889F2BAF26488C6E00DC5891 /* Controller */,
				889F2BAD26488C3200DC5891 /* Custom Views */,
				889F2BAC26488C2900DC5891 /* Presenter */,
			);
			path = Login;
			sourceTree = "<group>";
		};
		889F2BA826488BA600DC5891 /* Sign Up */ = {
			isa = PBXGroup;
			children = (
				889F2BA926488BE400DC5891 /* Controller */,
				889F2BAA26488BF500DC5891 /* Custom Views */,
				889F2BAB26488C0600DC5891 /* Presenter */,
			);
			path = "Sign Up";
			sourceTree = "<group>";
		};
		889F2BA926488BE400DC5891 /* Controller */ = {
			isa = PBXGroup;
			children = (
				88FAC05C2644BDD100B38976 /* RegisterVC.swift */,
			);
			path = Controller;
			sourceTree = "<group>";
		};
		889F2BAA26488BF500DC5891 /* Custom Views */ = {
			isa = PBXGroup;
			children = (
			);
			path = "Custom Views";
			sourceTree = "<group>";
		};
		889F2BAB26488C0600DC5891 /* Presenter */ = {
			isa = PBXGroup;
			children = (
			);
			path = Presenter;
			sourceTree = "<group>";
		};
		889F2BAC26488C2900DC5891 /* Presenter */ = {
			isa = PBXGroup;
			children = (
			);
			path = Presenter;
			sourceTree = "<group>";
		};
		889F2BAD26488C3200DC5891 /* Custom Views */ = {
			isa = PBXGroup;
			children = (
			);
			path = "Custom Views";
			sourceTree = "<group>";
		};
		889F2BAE26488C5400DC5891 /* Views */ = {
			isa = PBXGroup;
			children = (
				88FAC0602644EFC300B38976 /* CustomTxtField.swift */,
				8866A15D264485F6000A7443 /* CustomButton.swift */,
			);
			path = Views;
			sourceTree = "<group>";
		};
		889F2BAF26488C6E00DC5891 /* Controller */ = {
			isa = PBXGroup;
			children = (
				8866A14626447B29000A7443 /* LoginVC.swift */,
			);
			path = Controller;
			sourceTree = "<group>";
		};
/* End PBXGroup section */

/* Begin PBXNativeTarget section */
		8866A13E26447B29000A7443 /* TabView2 */ = {
			isa = PBXNativeTarget;
			buildConfigurationList = 8866A15326447B2D000A7443 /* Build configuration list for PBXNativeTarget "TabView2" */;
			buildPhases = (
				8866A13B26447B29000A7443 /* Sources */,
				8866A13C26447B29000A7443 /* Frameworks */,
				8866A13D26447B29000A7443 /* Resources */,
			);
			buildRules = (
			);
			dependencies = (
			);
			name = TabView2;
			productName = TabView2;
			productReference = 8866A13F26447B29000A7443 /* TabView2.app */;
			productType = "com.apple.product-type.application";
		};
/* End PBXNativeTarget section */

/* Begin PBXProject section */
		8866A13726447B29000A7443 /* Project object */ = {
			isa = PBXProject;
			attributes = {
				LastSwiftUpdateCheck = 1220;
				LastUpgradeCheck = 1220;
				TargetAttributes = {
					8866A13E26447B29000A7443 = {
						CreatedOnToolsVersion = 12.2;
					};
				};
			};
			buildConfigurationList = 8866A13A26447B29000A7443 /* Build configuration list for PBXProject "TabView2" */;
			compatibilityVersion = "Xcode 9.3";
			developmentRegion = en;
			hasScannedForEncodings = 0;
			knownRegions = (
				en,
				Base,
			);
			mainGroup = 8866A13626447B29000A7443;
			productRefGroup = 8866A14026447B29000A7443 /* Products */;
			projectDirPath = "";
			projectRoot = "";
			targets = (
				8866A13E26447B29000A7443 /* TabView2 */,
			);
		};
/* End PBXProject section */

/* Begin PBXResourcesBuildPhase section */
		8866A13D26447B29000A7443 /* Resources */ = {
			isa = PBXResourcesBuildPhase;
			buildActionMask = 2147483647;
			files = (
				8866A14F26447B2D000A7443 /* LaunchScreen.storyboard in Resources */,
				8866A14C26447B2D000A7443 /* Assets.xcassets in Resources */,
			);
			runOnlyForDeploymentPostprocessing = 0;
		};
/* End PBXResourcesBuildPhase section */

/* Begin PBXSourcesBuildPhase section */
		8866A13B26447B29000A7443 /* Sources */ = {
			isa = PBXSourcesBuildPhase;
			buildActionMask = 2147483647;
			files = (
				8866A14726447B29000A7443 /* LoginVC.swift in Sources */,
				8866A14326447B29000A7443 /* AppDelegate.swift in Sources */,
				88FAC0612644EFC300B38976 /* CustomTxtField.swift in Sources */,
				8866A14526447B29000A7443 /* SceneDelegate.swift in Sources */,
				8866A15E264485F6000A7443 /* CustomButton.swift in Sources */,
				88FAC05D2644BDD100B38976 /* RegisterVC.swift in Sources */,
			);
			runOnlyForDeploymentPostprocessing = 0;
		};
/* End PBXSourcesBuildPhase section */

/* Begin PBXVariantGroup section */
		8866A14D26447B2D000A7443 /* LaunchScreen.storyboard */ = {
			isa = PBXVariantGroup;
			children = (
				8866A14E26447B2D000A7443 /* Base */,
			);
			name = LaunchScreen.storyboard;
			sourceTree = "<group>";
		};
/* End PBXVariantGroup section */

/* Begin XCBuildConfiguration section */
		8866A15126447B2D000A7443 /* Debug */ = {
			isa = XCBuildConfiguration;
			buildSettings = {
				ALWAYS_SEARCH_USER_PATHS = NO;
				CLANG_ANALYZER_NONNULL = YES;
				CLANG_ANALYZER_NUMBER_OBJECT_CONVERSION = YES_AGGRESSIVE;
				CLANG_CXX_LANGUAGE_STANDARD = "gnu++14";
				CLANG_CXX_LIBRARY = "libc++";
				CLANG_ENABLE_MODULES = YES;
				CLANG_ENABLE_OBJC_ARC = YES;
				CLANG_ENABLE_OBJC_WEAK = YES;
				CLANG_WARN_BLOCK_CAPTURE_AUTORELEASING = YES;
				CLANG_WARN_BOOL_CONVERSION = YES;
				CLANG_WARN_COMMA = YES;
				CLANG_WARN_CONSTANT_CONVERSION = YES;
				CLANG_WARN_DEPRECATED_OBJC_IMPLEMENTATIONS = YES;
				CLANG_WARN_DIRECT_OBJC_ISA_USAGE = YES_ERROR;
				CLANG_WARN_DOCUMENTATION_COMMENTS = YES;
				CLANG_WARN_EMPTY_BODY = YES;
				CLANG_WARN_ENUM_CONVERSION = YES;
				CLANG_WARN_INFINITE_RECURSION = YES;
				CLANG_WARN_INT_CONVERSION = YES;
				CLANG_WARN_NON_LITERAL_NULL_CONVERSION = YES;
				CLANG_WARN_OBJC_IMPLICIT_RETAIN_SELF = YES;
				CLANG_WARN_OBJC_LITERAL_CONVERSION = YES;
				CLANG_WARN_OBJC_ROOT_CLASS = YES_ERROR;
				CLANG_WARN_QUOTED_INCLUDE_IN_FRAMEWORK_HEADER = YES;
				CLANG_WARN_RANGE_LOOP_ANALYSIS = YES;
				CLANG_WARN_STRICT_PROTOTYPES = YES;
				CLANG_WARN_SUSPICIOUS_MOVE = YES;
				CLANG_WARN_UNGUARDED_AVAILABILITY = YES_AGGRESSIVE;
				CLANG_WARN_UNREACHABLE_CODE = YES;
				CLANG_WARN__DUPLICATE_METHOD_MATCH = YES;
				COPY_PHASE_STRIP = NO;
				DEBUG_INFORMATION_FORMAT = dwarf;
				ENABLE_STRICT_OBJC_MSGSEND = YES;
				ENABLE_TESTABILITY = YES;
				GCC_C_LANGUAGE_STANDARD = gnu11;
				GCC_DYNAMIC_NO_PIC = NO;
				GCC_NO_COMMON_BLOCKS = YES;
				GCC_OPTIMIZATION_LEVEL = 0;
				GCC_PREPROCESSOR_DEFINITIONS = (
					"DEBUG=1",
					"$(inherited)",
				);
				GCC_WARN_64_TO_32_BIT_CONVERSION = YES;
				GCC_WARN_ABOUT_RETURN_TYPE = YES_ERROR;
				GCC_WARN_UNDECLARED_SELECTOR = YES;
				GCC_WARN_UNINITIALIZED_AUTOS = YES_AGGRESSIVE;
				GCC_WARN_UNUSED_FUNCTION = YES;
				GCC_WARN_UNUSED_VARIABLE = YES;
				IPHONEOS_DEPLOYMENT_TARGET = 14.2;
				MTL_ENABLE_DEBUG_INFO = INCLUDE_SOURCE;
				MTL_FAST_MATH = YES;
				ONLY_ACTIVE_ARCH = YES;
				SDKROOT = iphoneos;
				SWIFT_ACTIVE_COMPILATION_CONDITIONS = DEBUG;
				SWIFT_OPTIMIZATION_LEVEL = "-Onone";
			};
			name = Debug;
		};
		8866A15226447B2D000A7443 /* Release */ = {
			isa = XCBuildConfiguration;
			buildSettings = {
				ALWAYS_SEARCH_USER_PATHS = NO;
				CLANG_ANALYZER_NONNULL = YES;
				CLANG_ANALYZER_NUMBER_OBJECT_CONVERSION = YES_AGGRESSIVE;
				CLANG_CXX_LANGUAGE_STANDARD = "gnu++14";
				CLANG_CXX_LIBRARY = "libc++";
				CLANG_ENABLE_MODULES = YES;
				CLANG_ENABLE_OBJC_ARC = YES;
				CLANG_ENABLE_OBJC_WEAK = YES;
				CLANG_WARN_BLOCK_CAPTURE_AUTORELEASING = YES;
				CLANG_WARN_BOOL_CONVERSION = YES;
				CLANG_WARN_COMMA = YES;
				CLANG_WARN_CONSTANT_CONVERSION = YES;
				CLANG_WARN_DEPRECATED_OBJC_IMPLEMENTATIONS = YES;
				CLANG_WARN_DIRECT_OBJC_ISA_USAGE = YES_ERROR;
				CLANG_WARN_DOCUMENTATION_COMMENTS = YES;
				CLANG_WARN_EMPTY_BODY = YES;
				CLANG_WARN_ENUM_CONVERSION = YES;
				CLANG_WARN_INFINITE_RECURSION = YES;
				CLANG_WARN_INT_CONVERSION = YES;
				CLANG_WARN_NON_LITERAL_NULL_CONVERSION = YES;
				CLANG_WARN_OBJC_IMPLICIT_RETAIN_SELF = YES;
				CLANG_WARN_OBJC_LITERAL_CONVERSION = YES;
				CLANG_WARN_OBJC_ROOT_CLASS = YES_ERROR;
				CLANG_WARN_QUOTED_INCLUDE_IN_FRAMEWORK_HEADER = YES;
				CLANG_WARN_RANGE_LOOP_ANALYSIS = YES;
				CLANG_WARN_STRICT_PROTOTYPES = YES;
				CLANG_WARN_SUSPICIOUS_MOVE = YES;
				CLANG_WARN_UNGUARDED_AVAILABILITY = YES_AGGRESSIVE;
				CLANG_WARN_UNREACHABLE_CODE = YES;
				CLANG_WARN__DUPLICATE_METHOD_MATCH = YES;
				COPY_PHASE_STRIP = NO;
				DEBUG_INFORMATION_FORMAT = "dwarf-with-dsym";
				ENABLE_NS_ASSERTIONS = NO;
				ENABLE_STRICT_OBJC_MSGSEND = YES;
				GCC_C_LANGUAGE_STANDARD = gnu11;
				GCC_NO_COMMON_BLOCKS = YES;
				GCC_WARN_64_TO_32_BIT_CONVERSION = YES;
				GCC_WARN_ABOUT_RETURN_TYPE = YES_ERROR;
				GCC_WARN_UNDECLARED_SELECTOR = YES;
				GCC_WARN_UNINITIALIZED_AUTOS = YES_AGGRESSIVE;
				GCC_WARN_UNUSED_FUNCTION = YES;
				GCC_WARN_UNUSED_VARIABLE = YES;
				IPHONEOS_DEPLOYMENT_TARGET = 14.2;
				MTL_ENABLE_DEBUG_INFO = NO;
				MTL_FAST_MATH = YES;
				SDKROOT = iphoneos;
				SWIFT_COMPILATION_MODE = wholemodule;
				SWIFT_OPTIMIZATION_LEVEL = "-O";
				VALIDATE_PRODUCT = YES;
			};
			name = Release;
		};
		8866A15426447B2D000A7443 /* Debug */ = {
			isa = XCBuildConfiguration;
			buildSettings = {
				ASSETCATALOG_COMPILER_APPICON_NAME = AppIcon;
				ASSETCATALOG_COMPILER_GLOBAL_ACCENT_COLOR_NAME = AccentColor;
				CODE_SIGN_STYLE = Automatic;
				DEVELOPMENT_TEAM = MMDTV8J5UC;
				INFOPLIST_FILE = TabView2/Info.plist;
				LD_RUNPATH_SEARCH_PATHS = (
					"$(inherited)",
					"@executable_path/Frameworks",
				);
				PRODUCT_BUNDLE_IDENTIFIER = com.rodrigotorres.TabView2;
				PRODUCT_NAME = "$(TARGET_NAME)";
				SWIFT_VERSION = 5.0;
				TARGETED_DEVICE_FAMILY = "1,2";
			};
			name = Debug;
		};
		8866A15526447B2D000A7443 /* Release */ = {
			isa = XCBuildConfiguration;
			buildSettings = {
				ASSETCATALOG_COMPILER_APPICON_NAME = AppIcon;
				ASSETCATALOG_COMPILER_GLOBAL_ACCENT_COLOR_NAME = AccentColor;
				CODE_SIGN_STYLE = Automatic;
				DEVELOPMENT_TEAM = MMDTV8J5UC;
				INFOPLIST_FILE = TabView2/Info.plist;
				LD_RUNPATH_SEARCH_PATHS = (
					"$(inherited)",
					"@executable_path/Frameworks",
				);
				PRODUCT_BUNDLE_IDENTIFIER = com.rodrigotorres.TabView2;
				PRODUCT_NAME = "$(TARGET_NAME)";
				SWIFT_VERSION = 5.0;
				TARGETED_DEVICE_FAMILY = "1,2";
			};
			name = Release;
		};
/* End XCBuildConfiguration section */

/* Begin XCConfigurationList section */
		8866A13A26447B29000A7443 /* Build configuration list for PBXProject "TabView2" */ = {
			isa = XCConfigurationList;
			buildConfigurations = (
				8866A15126447B2D000A7443 /* Debug */,
				8866A15226447B2D000A7443 /* Release */,
			);
			defaultConfigurationIsVisible = 0;
			defaultConfigurationName = Release;
		};
		8866A15326447B2D000A7443 /* Build configuration list for PBXNativeTarget "TabView2" */ = {
			isa = XCConfigurationList;
			buildConfigurations = (
				8866A15426447B2D000A7443 /* Debug */,
				8866A15526447B2D000A7443 /* Release */,
			);
			defaultConfigurationIsVisible = 0;
			defaultConfigurationName = Release;
		};
/* End XCConfigurationList section */
	};
	rootObject = 8866A13726447B29000A7443 /* Project object */;
}
